
Microsoft Visual Studio Solution File, Format Version 12.00
# Visual Studio Version 16
VisualStudioVersion = 16.0.31105.61
MinimumVisualStudioVersion = 10.0.40219.1
Project("{FAE04EC0-301F-11D3-BF4B-00C04F79EFBC}") = "ShaneShop", "ShaneShop\ShaneShop.csproj", "{6A2EC364-C8E4-44BD-A8F2-1188217BC839}"
EndProject
Project("{FAE04EC0-301F-11D3-BF4B-00C04F79EFBC}") = "AdoClass", "AdoClass\AdoClass.csproj", "{A29ADC28-CCD5-4674-B54E-6192644D566C}"
EndProject
Global
	GlobalSection(SolutionConfigurationPlatforms) = preSolution
		Debug|Any CPU = Debug|Any CPU
		Release|Any CPU = Release|Any CPU
	EndGlobalSection
	GlobalSection(ProjectConfigurationPlatforms) = postSolution
		{6A2EC364-C8E4-44BD-A8F2-1188217BC839}.Debug|Any CPU.ActiveCfg = Debug|Any CPU
		{6A2EC364-C8E4-44BD-A8F2-1188217BC839}.Debug|Any CPU.Build.0 = Debug|Any CPU
		{6A2EC364-C8E4-44BD-A8F2-1188217BC839}.Release|Any CPU.ActiveCfg = Release|Any CPU
		{6A2EC364-C8E4-44BD-A8F2-1188217BC839}.Release|Any CPU.Build.0 = Release|Any CPU
		{A29ADC28-CCD5-4674-B54E-6192644D566C}.Debug|Any CPU.ActiveCfg = Debug|Any CPU
		{A29ADC28-CCD5-4674-B54E-6192644D566C}.Debug|Any CPU.Build.0 = Debug|Any CPU
		{A29ADC28-CCD5-4674-B54E-6192644D566C}.Release|Any CPU.ActiveCfg = Release|Any CPU
		{A29ADC28-CCD5-4674-B54E-6192644D566C}.Release|Any CPU.Build.0 = Release|Any CPU
	EndGlobalSection
	GlobalSection(SolutionProperties) = preSolution
		HideSolutionNode = FALSE
	EndGlobalSection
	GlobalSection(ExtensibilityGlobals) = postSolution
		SolutionGuid = {48849181-D367-438C-A7D4-B5FD4E2E1EC7}
	EndGlobalSection
EndGlobal
